
Microsoft Visual Studio Solution File, Format Version 12.00
# Visual Studio Version 17
VisualStudioVersion = 17.9.34622.214
MinimumVisualStudioVersion = 10.0.40219.1
Project("{FAE04EC0-301F-11D3-BF4B-00C04F79EFBC}") = "signalRchat", "signalRchat\signalRchat.csproj", "{75376934-A4F3-432E-B8AE-920F58EE2EB9}"
EndProject
Global
	GlobalSection(SolutionConfigurationPlatforms) = preSolution
		Debug|Any CPU = Debug|Any CPU
		Release|Any CPU = Release|Any CPU
	EndGlobalSection
	GlobalSection(ProjectConfigurationPlatforms) = postSolution
		{75376934-A4F3-432E-B8AE-920F58EE2EB9}.Debug|Any CPU.ActiveCfg = Debug|Any CPU
		{75376934-A4F3-432E-B8AE-920F58EE2EB9}.Debug|Any CPU.Build.0 = Debug|Any CPU
		{75376934-A4F3-432E-B8AE-920F58EE2EB9}.Release|Any CPU.ActiveCfg = Release|Any CPU
		{75376934-A4F3-432E-B8AE-920F58EE2EB9}.Release|Any CPU.Build.0 = Release|Any CPU
	EndGlobalSection
	GlobalSection(SolutionProperties) = preSolution
		HideSolutionNode = FALSE
	EndGlobalSection
	GlobalSection(ExtensibilityGlobals) = postSolution
		SolutionGuid = {EB90B657-429A-48D5-BB1A-57029F624192}
	EndGlobalSection
EndGlobal
